# This file is automatically @generated by Cargo.
# It is not intended for manual editing.
[[package]]
name = "log"
version = "0.3.6"
source = "registry+https://github.com/rust-lang/crates.io-index"
checksum = "ab83497bf8bf4ed2a74259c1c802351fcd67a65baa86394b6ba73c36f4838054"

[[package]]
name = "monorepo"
version = "0.0.0"
dependencies = [
 "log",
]
